
Microsoft Visual Studio Solution File, Format Version 12.00
# Visual Studio Version 17
VisualStudioVersion = 17.7.34202.233
MinimumVisualStudioVersion = 10.0.40219.1
Project("{FAE04EC0-301F-11D3-BF4B-00C04F79EFBC}") = "5.Working with strings", "5.Working with strings.csproj", "{4F0643C3-F90F-4BC0-AFA2-0B1E104DBFA2}"
EndProject
Global
	GlobalSection(SolutionConfigurationPlatforms) = preSolution
		Debug|Any CPU = Debug|Any CPU
		Release|Any CPU = Release|Any CPU
	EndGlobalSection
	GlobalSection(ProjectConfigurationPlatforms) = postSolution
		{4F0643C3-F90F-4BC0-AFA2-0B1E104DBFA2}.Debug|Any CPU.ActiveCfg = Debug|Any CPU
		{4F0643C3-F90F-4BC0-AFA2-0B1E104DBFA2}.Debug|Any CPU.Build.0 = Debug|Any CPU
		{4F0643C3-F90F-4BC0-AFA2-0B1E104DBFA2}.Release|Any CPU.ActiveCfg = Release|Any CPU
		{4F0643C3-F90F-4BC0-AFA2-0B1E104DBFA2}.Release|Any CPU.Build.0 = Release|Any CPU
	EndGlobalSection
	GlobalSection(SolutionProperties) = preSolution
		HideSolutionNode = FALSE
	EndGlobalSection
	GlobalSection(ExtensibilityGlobals) = postSolution
		SolutionGuid = {C9641367-7438-4EDE-8F7A-F1B72979963C}
	EndGlobalSection
EndGlobal
